<?xml version="1.0" encoding="utf-8"?>
<Project ToolsVersion="4.0" xmlns="http://schemas.microsoft.com/developer/msbuild/2003">
  <ItemGroup>
    <Filter Include="win32">
      <UniqueIdentifier>{84a8ebd7-7cf0-47f6-b75e-d441df67da40}</UniqueIdentifier>
    </Filter>
    <Filter Include="resource">
      <UniqueIdentifier>{715254bc-d70b-4ec5-bf29-467dd3ace079}</UniqueIdentifier>
    </Filter>
    <Filter Include="src">
      <UniqueIdentifier>{bb6c862e-70e9-49d9-81b7-3829a6f50471}</UniqueIdentifier>
    </Filter>
    <Filter Include="src\Intro">
      <UniqueIdentifier>{82d2db99-e083-486f-8754-6b85b20bd879}</UniqueIdentifier>
    </Filter>
    <Filter Include="src\Ending">
      <UniqueIdentifier>{403af9b5-d291-487b-a9c3-bf05c8fb5536}</UniqueIdentifier>
    </Filter>
    <Filter Include="src\Top">
      <UniqueIdentifier>{c6a84c1d-b875-4803-99a0-96ed08279975}</UniqueIdentifier>
    </Filter>
    <Filter Include="src\Main">
      <UniqueIdentifier>{e544e7bf-89c2-47d8-b0bb-2eff0ae0aa95}</UniqueIdentifier>
    </Filter>
    <Filter Include="src\Shop">
      <UniqueIdentifier>{1bb766a6-5169-4c65-b4b9-68553af69beb}</UniqueIdentifier>
    </Filter>
    <Filter Include="src\Smelt">
      <UniqueIdentifier>{6ac982a5-ed24-460a-84d4-633e15cc81f6}</UniqueIdentifier>
    </Filter>
    <Filter Include="src\Monster">
      <UniqueIdentifier>{e4e6d0dc-8e43-42a9-80e9-933ee2c9a034}</UniqueIdentifier>
    </Filter>
    <Filter Include="src\Item">
      <UniqueIdentifier>{e8a19795-a9b7-4cfc-a634-dc1f9740ef60}</UniqueIdentifier>
    </Filter>
    <Filter Include="src\CharacterSelect">
      <UniqueIdentifier>{25439022-70bb-48d2-8fc0-8e2786ca73ae}</UniqueIdentifier>
    </Filter>
    <Filter Include="src\Player">
      <UniqueIdentifier>{a5f4cc9d-8d35-458e-baa8-1373716886d2}</UniqueIdentifier>
    </Filter>
    <Filter Include="src\Pet">
      <UniqueIdentifier>{3fcb16be-e262-4d4f-b2b6-815c21f0db0d}</UniqueIdentifier>
    </Filter>
    <Filter Include="src\Equip">
      <UniqueIdentifier>{1195ba1c-a938-4e73-aa20-1c0e4b69f36d}</UniqueIdentifier>
    </Filter>
    <Filter Include="src\Skill">
      <UniqueIdentifier>{cea75389-d699-49e0-bd93-40a35f276118}</UniqueIdentifier>
    </Filter>
    <Filter Include="src\Obstacle">
      <UniqueIdentifier>{e66b959e-e220-4ebe-8d05-cfae4dceb317}</UniqueIdentifier>
    </Filter>
  </ItemGroup>
  <ItemGroup>
    <ClCompile Include="main.cpp">
      <Filter>win32</Filter>
    </ClCompile>
    <ClCompile Include="..\Classes\AppDelegate.cpp">
      <Filter>src</Filter>
    </ClCompile>
    <ClCompile Include="..\Classes\IntroScene.cpp">
      <Filter>src\Intro</Filter>
    </ClCompile>
    <ClCompile Include="..\Classes\ShopScene.cpp">
      <Filter>src\Shop</Filter>
    </ClCompile>
    <ClCompile Include="..\Classes\SmeltScene.cpp">
      <Filter>src\Smelt</Filter>
    </ClCompile>
    <ClCompile Include="..\Classes\CharacterSelectScene.cpp">
      <Filter>src\CharacterSelect</Filter>
    </ClCompile>
    <ClCompile Include="..\Classes\EndingScene.cpp">
      <Filter>src\Ending</Filter>
    </ClCompile>
    <ClCompile Include="..\Classes\TopScene.cpp">
      <Filter>src\Top</Filter>
    </ClCompile>
    <ClCompile Include="..\Classes\Player.cpp">
      <Filter>src\Player</Filter>
    </ClCompile>
    <ClCompile Include="..\Classes\Item.cpp">
      <Filter>src\Item</Filter>
    </ClCompile>
    <ClCompile Include="..\Classes\Equip.cpp">
      <Filter>src\Equip</Filter>
    </ClCompile>
    <ClCompile Include="..\Classes\Monster.cpp">
      <Filter>src\Monster</Filter>
    </ClCompile>
    <ClCompile Include="..\Classes\Pet.cpp">
      <Filter>src\Pet</Filter>
    </ClCompile>
    <ClCompile Include="..\Classes\Cuey.cpp">
      <Filter>src</Filter>
    </ClCompile>
    <ClCompile Include="..\Classes\Skill.cpp">
      <Filter>src\Skill</Filter>
    </ClCompile>
    <ClCompile Include="..\Classes\Obstacle.cpp">
      <Filter>src\Obstacle</Filter>
    </ClCompile>
    <ClCompile Include="..\Classes\EquipLayer.cpp">
      <Filter>src\Main</Filter>
    </ClCompile>
    <ClCompile Include="..\Classes\MainScene.cpp">
      <Filter>src\Main</Filter>
    </ClCompile>
    <ClCompile Include="..\Classes\TopLayer.cpp">
      <Filter>src\Main</Filter>
    </ClCompile>
    <ClCompile Include="..\Classes\SkillLayer.cpp">
      <Filter>src\Main</Filter>
    </ClCompile>
  </ItemGroup>
  <ItemGroup>
    <ClInclude Include="main.h">
      <Filter>win32</Filter>
    </ClInclude>
    <ClInclude Include="..\Classes\AppDelegate.h">
      <Filter>src</Filter>
    </ClInclude>
    <ClInclude Include="..\Classes\IntroScene.h">
      <Filter>src\Intro</Filter>
    </ClInclude>
    <ClInclude Include="..\Classes\ShopScene.h">
      <Filter>src\Shop</Filter>
    </ClInclude>
    <ClInclude Include="..\Classes\SmeltScene.h">
      <Filter>src\Smelt</Filter>
    </ClInclude>
    <ClInclude Include="..\Classes\CharacterSelectScene.h">
      <Filter>src\CharacterSelect</Filter>
    </ClInclude>
    <ClInclude Include="..\Classes\EndingScene.h">
      <Filter>src\Ending</Filter>
    </ClInclude>
    <ClInclude Include="..\Classes\TopScene.h">
      <Filter>src\Top</Filter>
    </ClInclude>
    <ClInclude Include="..\Classes\Player.h">
      <Filter>src\Player</Filter>
    </ClInclude>
    <ClInclude Include="..\Classes\Item.h">
      <Filter>src\Item</Filter>
    </ClInclude>
    <ClInclude Include="..\Classes\Equip.h">
      <Filter>src\Equip</Filter>
    </ClInclude>
    <ClInclude Include="..\Classes\Monster.h">
      <Filter>src\Monster</Filter>
    </ClInclude>
    <ClInclude Include="..\Classes\Pet.h">
      <Filter>src\Pet</Filter>
    </ClInclude>
    <ClInclude Include="..\Classes\Cuey.h">
      <Filter>src</Filter>
    </ClInclude>
    <ClInclude Include="..\Classes\Skill.h">
      <Filter>src\Skill</Filter>
    </ClInclude>
    <ClInclude Include="..\Classes\Obstacle.h">
      <Filter>src\Obstacle</Filter>
    </ClInclude>
    <ClInclude Include="..\Classes\EquipLayer.h">
      <Filter>src\Main</Filter>
    </ClInclude>
    <ClInclude Include="..\Classes\MainScene.h">
      <Filter>src\Main</Filter>
    </ClInclude>
    <ClInclude Include="..\Classes\TopLayer.h">
      <Filter>src\Main</Filter>
    </ClInclude>
    <ClInclude Include="..\Classes\SkillLayer.h">
      <Filter>src\Main</Filter>
    </ClInclude>
  </ItemGroup>
  <ItemGroup>
    <ResourceCompile Include="game.rc">
      <Filter>resource</Filter>
    </ResourceCompile>
  </ItemGroup>
</Project>